<?xml version="1.0" encoding="utf-8"?>
<Project ToolsVersion="4.0" xmlns="http://schemas.microsoft.com/developer/msbuild/2003">
  <ItemGroup>
    <Filter Include="Header Files">
      <UniqueIdentifier>{93995380-89BD-4b04-88EB-625FBE52EBFB}</UniqueIdentifier>
      <Extensions>h;hh;hpp;hxx;h++;hm;inl;inc;ipp;xsd</Extensions>
    </Filter>
    <Filter Include="Source Files">
      <UniqueIdentifier>{4FC737F1-C7A5-4376-A066-2A32D752A2FF}</UniqueIdentifier>
      <Extensions>cpp;c;cc;cxx;c++;cppm;ixx;def;odl;idl;hpj;bat;asm;asmx</Extensions>
    </Filter>
    <Filter Include="Header Files\Core">
      <UniqueIdentifier>{981c5a33-47b3-4394-a848-d5a70baabd7e}</UniqueIdentifier>
    </Filter>
    <Filter Include="Source Files\Core">
      <UniqueIdentifier>{5747c4f0-a174-49a4-a8a4-3bd1c2b7fbc8}</UniqueIdentifier>
    </Filter>
    <Filter Include="Header Files\Core\Containers">
      <UniqueIdentifier>{b1162f08-ee7e-4e05-8fbb-018c12b5d707}</UniqueIdentifier>
    </Filter>
    <Filter Include="Source Files\Core\Containers">
      <UniqueIdentifier>{d5160816-34af-438e-ac87-29051ac5365e}</UniqueIdentifier>
    </Filter>
  </ItemGroup>
  <ItemGroup>
    <ClCompile Include="..\..\..\..\samples\samples.cpp">
      <Filter>Source Files</Filter>
    </ClCompile>
    <ClCompile Include="..\..\..\..\samples\Core\Containers\string.cpp">
      <Filter>Source Files\Core\Containers</Filter>
    </ClCompile>
    <ClCompile Include="..\..\..\..\samples\Core\Containers\string\stringPack1.cpp">
      <Filter>Source Files\Core\Containers</Filter>
    </ClCompile>
  </ItemGroup>
  <ItemGroup>
    <ClInclude Include="..\..\..\..\samples\samples.h">
      <Filter>Header Files</Filter>
    </ClInclude>
    <ClInclude Include="..\..\..\..\samples\Core\Containers\string.h">
      <Filter>Header Files\Core\Containers</Filter>
    </ClInclude>
  </ItemGroup>
</Project>